{
  "nodes": {
    "dist": {
      "flake": false,
      "locked": {
        "lastModified": 1705007682,
        "narHash": "sha256-+tgvegN7rW5WAnhKrlAM6i+aE9Tzrkq76G7Lx1JHuH8=",
        "type": "tarball",
        "url": "https://hercules-ci-enterprise.cachix.org/serve/6jcx2iijjdn3srvvl4gxrxsv377mlwsx/hercules-ci-enterprise.tar"
      },
      "original": {
        "type": "tarball",
        "url": "https://hercules-ci-enterprise.cachix.org/serve/6jcx2iijjdn3srvvl4gxrxsv377mlwsx/hercules-ci-enterprise.tar"
      }
    },
    "flake-parts": {
      "inputs": {
        "nixpkgs": [
          "nixpkgs"
        ]
      },
      "locked": {
        "lastModified": 1661009076,
        "narHash": "sha256-phAE40gctVygRq3G3B6LhvD7u2qdQT21xsz8DdRDYFo=",
        "owner": "hercules-ci",
        "repo": "flake-parts",
        "rev": "850d8a76026127ef02f040fb0dcfdb8b749dd9d9",
        "type": "github"
      },
      "original": {
        "id": "flake-parts",
        "type": "indirect"
      }
    },
    "nixpkgs": {
      "locked": {
        "lastModified": 1662099760,
        "narHash": "sha256-MdZLCTJPeHi/9fg6R9fiunyDwP3XHJqDd51zWWz9px0=",
        "owner": "NixOS",
        "repo": "nixpkgs",
        "rev": "67e45078141102f45eff1589a831aeaa3182b41e",
        "type": "github"
      },
      "original": {
        "owner": "NixOS",
        "ref": "nixos-22.05",
        "repo": "nixpkgs",
        "type": "github"
      }
    },
    "root": {
      "inputs": {
        "dist": "dist",
        "flake-parts": "flake-parts",
        "nixpkgs": "nixpkgs"
      }
    }
  },
  "root": "root",
  "version": 7
}
